
Microsoft Visual Studio Solution File, Format Version 12.00
Project("{FAE04EC0-301F-11D3-BF4B-00C04F79EFBC}") = "BuilderCatalogue", "BuilderCatalogue\BuilderCatalogue.csproj", "{BA849AD4-CF1E-4DCD-9416-A5BAFB4D710E}"
EndProject
Project("{FAE04EC0-301F-11D3-BF4B-00C04F79EFBC}") = "BuilderCatalogue.Test", "BuilderCatalogue.Test\BuilderCatalogue.Test.csproj", "{5BF3FBDA-B1A8-404F-B6E6-DF1AB2458DAA}"
EndProject
Global
	GlobalSection(SolutionConfigurationPlatforms) = preSolution
		Debug|Any CPU = Debug|Any CPU
		Release|Any CPU = Release|Any CPU
	EndGlobalSection
	GlobalSection(ProjectConfigurationPlatforms) = postSolution
		{BA849AD4-CF1E-4DCD-9416-A5BAFB4D710E}.Debug|Any CPU.ActiveCfg = Debug|Any CPU
		{BA849AD4-CF1E-4DCD-9416-A5BAFB4D710E}.Debug|Any CPU.Build.0 = Debug|Any CPU
		{BA849AD4-CF1E-4DCD-9416-A5BAFB4D710E}.Release|Any CPU.ActiveCfg = Release|Any CPU
		{BA849AD4-CF1E-4DCD-9416-A5BAFB4D710E}.Release|Any CPU.Build.0 = Release|Any CPU
		{5BF3FBDA-B1A8-404F-B6E6-DF1AB2458DAA}.Debug|Any CPU.ActiveCfg = Debug|Any CPU
		{5BF3FBDA-B1A8-404F-B6E6-DF1AB2458DAA}.Debug|Any CPU.Build.0 = Debug|Any CPU
		{5BF3FBDA-B1A8-404F-B6E6-DF1AB2458DAA}.Release|Any CPU.ActiveCfg = Release|Any CPU
		{5BF3FBDA-B1A8-404F-B6E6-DF1AB2458DAA}.Release|Any CPU.Build.0 = Release|Any CPU
	EndGlobalSection
EndGlobal
